
Microsoft Visual Studio Solution File, Format Version 12.00
# Visual Studio Version 16
VisualStudioVersion = 16.0.32106.194
MinimumVisualStudioVersion = 10.0.40219.1
Project("{FAE04EC0-301F-11D3-BF4B-00C04F79EFBC}") = "SetsAndDictionariesAdv04Lab", "SetsAndDictionariesAdv04Lab.csproj", "{BA963E01-911B-4368-808A-CCD79D8BB087}"
EndProject
Global
	GlobalSection(SolutionConfigurationPlatforms) = preSolution
		Debug|Any CPU = Debug|Any CPU
		Release|Any CPU = Release|Any CPU
	EndGlobalSection
	GlobalSection(ProjectConfigurationPlatforms) = postSolution
		{BA963E01-911B-4368-808A-CCD79D8BB087}.Debug|Any CPU.ActiveCfg = Debug|Any CPU
		{BA963E01-911B-4368-808A-CCD79D8BB087}.Debug|Any CPU.Build.0 = Debug|Any CPU
		{BA963E01-911B-4368-808A-CCD79D8BB087}.Release|Any CPU.ActiveCfg = Release|Any CPU
		{BA963E01-911B-4368-808A-CCD79D8BB087}.Release|Any CPU.Build.0 = Release|Any CPU
	EndGlobalSection
	GlobalSection(SolutionProperties) = preSolution
		HideSolutionNode = FALSE
	EndGlobalSection
	GlobalSection(ExtensibilityGlobals) = postSolution
		SolutionGuid = {6336C38C-2033-4BBA-9BD4-303DF0483A7E}
	EndGlobalSection
EndGlobal
