
Microsoft Visual Studio Solution File, Format Version 12.00
# Visual Studio Version 16
VisualStudioVersion = 16.0.32106.194
MinimumVisualStudioVersion = 10.0.40219.1
Project("{9A19103F-16F7-4668-BE54-9A1E7A4F7556}") = "1.SumMatrixElements", "1.SumMatrixElements\1.SumMatrixElements.csproj", "{97EB0147-5BCC-46D0-A6FA-4DA4943C135C}"
EndProject
Project("{FAE04EC0-301F-11D3-BF4B-00C04F79EFBC}") = "2.SumMatrixCols", "2.SumMatrixCols\2.SumMatrixCols.csproj", "{4A542036-D3FC-45AD-B851-FAA8EB1064BB}"
EndProject
Project("{FAE04EC0-301F-11D3-BF4B-00C04F79EFBC}") = "5.SquareWMaxSum", "5.SquareWMaxSum\5.SquareWMaxSum.csproj", "{63AFC511-6821-46DE-B0CA-7A18EC1239BB}"
EndProject
Project("{FAE04EC0-301F-11D3-BF4B-00C04F79EFBC}") = "6.JaggedArrayMod", "6.JaggedArrayMod\6.JaggedArrayMod.csproj", "{16D4CC03-6B68-477E-BAAD-217B4D16220F}"
EndProject
Global
	GlobalSection(SolutionConfigurationPlatforms) = preSolution
		Debug|Any CPU = Debug|Any CPU
		Release|Any CPU = Release|Any CPU
	EndGlobalSection
	GlobalSection(ProjectConfigurationPlatforms) = postSolution
		{97EB0147-5BCC-46D0-A6FA-4DA4943C135C}.Debug|Any CPU.ActiveCfg = Debug|Any CPU
		{97EB0147-5BCC-46D0-A6FA-4DA4943C135C}.Debug|Any CPU.Build.0 = Debug|Any CPU
		{97EB0147-5BCC-46D0-A6FA-4DA4943C135C}.Release|Any CPU.ActiveCfg = Release|Any CPU
		{97EB0147-5BCC-46D0-A6FA-4DA4943C135C}.Release|Any CPU.Build.0 = Release|Any CPU
		{4A542036-D3FC-45AD-B851-FAA8EB1064BB}.Debug|Any CPU.ActiveCfg = Debug|Any CPU
		{4A542036-D3FC-45AD-B851-FAA8EB1064BB}.Debug|Any CPU.Build.0 = Debug|Any CPU
		{4A542036-D3FC-45AD-B851-FAA8EB1064BB}.Release|Any CPU.ActiveCfg = Release|Any CPU
		{4A542036-D3FC-45AD-B851-FAA8EB1064BB}.Release|Any CPU.Build.0 = Release|Any CPU
		{63AFC511-6821-46DE-B0CA-7A18EC1239BB}.Debug|Any CPU.ActiveCfg = Debug|Any CPU
		{63AFC511-6821-46DE-B0CA-7A18EC1239BB}.Debug|Any CPU.Build.0 = Debug|Any CPU
		{63AFC511-6821-46DE-B0CA-7A18EC1239BB}.Release|Any CPU.ActiveCfg = Release|Any CPU
		{63AFC511-6821-46DE-B0CA-7A18EC1239BB}.Release|Any CPU.Build.0 = Release|Any CPU
		{16D4CC03-6B68-477E-BAAD-217B4D16220F}.Debug|Any CPU.ActiveCfg = Debug|Any CPU
		{16D4CC03-6B68-477E-BAAD-217B4D16220F}.Debug|Any CPU.Build.0 = Debug|Any CPU
		{16D4CC03-6B68-477E-BAAD-217B4D16220F}.Release|Any CPU.ActiveCfg = Release|Any CPU
		{16D4CC03-6B68-477E-BAAD-217B4D16220F}.Release|Any CPU.Build.0 = Release|Any CPU
	EndGlobalSection
	GlobalSection(SolutionProperties) = preSolution
		HideSolutionNode = FALSE
	EndGlobalSection
	GlobalSection(ExtensibilityGlobals) = postSolution
		SolutionGuid = {16FA66BD-4AE2-48F1-8C1D-6D30B7ED0DFA}
	EndGlobalSection
EndGlobal
