
Microsoft Visual Studio Solution File, Format Version 12.00
# Visual Studio Version 16
VisualStudioVersion = 16.0.32106.194
MinimumVisualStudioVersion = 10.0.40219.1
Project("{FAE04EC0-301F-11D3-BF4B-00C04F79EFBC}") = "SetsAndDictionariesAdv01Exer", "SetsAndDictionariesAdv01Exer.csproj", "{B35B5288-2B2D-44B9-B19E-5E47EDC7C152}"
EndProject
Global
	GlobalSection(SolutionConfigurationPlatforms) = preSolution
		Debug|Any CPU = Debug|Any CPU
		Release|Any CPU = Release|Any CPU
	EndGlobalSection
	GlobalSection(ProjectConfigurationPlatforms) = postSolution
		{B35B5288-2B2D-44B9-B19E-5E47EDC7C152}.Debug|Any CPU.ActiveCfg = Debug|Any CPU
		{B35B5288-2B2D-44B9-B19E-5E47EDC7C152}.Debug|Any CPU.Build.0 = Debug|Any CPU
		{B35B5288-2B2D-44B9-B19E-5E47EDC7C152}.Release|Any CPU.ActiveCfg = Release|Any CPU
		{B35B5288-2B2D-44B9-B19E-5E47EDC7C152}.Release|Any CPU.Build.0 = Release|Any CPU
	EndGlobalSection
	GlobalSection(SolutionProperties) = preSolution
		HideSolutionNode = FALSE
	EndGlobalSection
	GlobalSection(ExtensibilityGlobals) = postSolution
		SolutionGuid = {69524B78-5B4E-4E0E-AB0E-D4220353C887}
	EndGlobalSection
EndGlobal
