
Microsoft Visual Studio Solution File, Format Version 12.00
# Visual Studio Version 16
VisualStudioVersion = 16.0.32106.194
MinimumVisualStudioVersion = 10.0.40219.1
Project("{FAE04EC0-301F-11D3-BF4B-00C04F79EFBC}") = "SetsAndDictionariesAdv04Exer", "SetsAndDictionariesAdv04Exer.csproj", "{AF7AD492-27D1-4F28-BDAC-36EEC6DB7D4C}"
EndProject
Global
	GlobalSection(SolutionConfigurationPlatforms) = preSolution
		Debug|Any CPU = Debug|Any CPU
		Release|Any CPU = Release|Any CPU
	EndGlobalSection
	GlobalSection(ProjectConfigurationPlatforms) = postSolution
		{AF7AD492-27D1-4F28-BDAC-36EEC6DB7D4C}.Debug|Any CPU.ActiveCfg = Debug|Any CPU
		{AF7AD492-27D1-4F28-BDAC-36EEC6DB7D4C}.Debug|Any CPU.Build.0 = Debug|Any CPU
		{AF7AD492-27D1-4F28-BDAC-36EEC6DB7D4C}.Release|Any CPU.ActiveCfg = Release|Any CPU
		{AF7AD492-27D1-4F28-BDAC-36EEC6DB7D4C}.Release|Any CPU.Build.0 = Release|Any CPU
	EndGlobalSection
	GlobalSection(SolutionProperties) = preSolution
		HideSolutionNode = FALSE
	EndGlobalSection
	GlobalSection(ExtensibilityGlobals) = postSolution
		SolutionGuid = {42C0044A-A9CD-420B-BA7C-A3C846CC8ABF}
	EndGlobalSection
EndGlobal
