
Microsoft Visual Studio Solution File, Format Version 12.00
# Visual Studio Version 16
VisualStudioVersion = 16.0.32106.194
MinimumVisualStudioVersion = 10.0.40219.1
Project("{FAE04EC0-301F-11D3-BF4B-00C04F79EFBC}") = "SetsAndDictionariesAdv05Lab", "SetsAndDictionariesAdv05Lab.csproj", "{84668891-1AA0-4796-8854-743BC2F12248}"
EndProject
Global
	GlobalSection(SolutionConfigurationPlatforms) = preSolution
		Debug|Any CPU = Debug|Any CPU
		Release|Any CPU = Release|Any CPU
	EndGlobalSection
	GlobalSection(ProjectConfigurationPlatforms) = postSolution
		{84668891-1AA0-4796-8854-743BC2F12248}.Debug|Any CPU.ActiveCfg = Debug|Any CPU
		{84668891-1AA0-4796-8854-743BC2F12248}.Debug|Any CPU.Build.0 = Debug|Any CPU
		{84668891-1AA0-4796-8854-743BC2F12248}.Release|Any CPU.ActiveCfg = Release|Any CPU
		{84668891-1AA0-4796-8854-743BC2F12248}.Release|Any CPU.Build.0 = Release|Any CPU
	EndGlobalSection
	GlobalSection(SolutionProperties) = preSolution
		HideSolutionNode = FALSE
	EndGlobalSection
	GlobalSection(ExtensibilityGlobals) = postSolution
		SolutionGuid = {471BFF89-59E4-4A8D-9D7B-4ECF93938012}
	EndGlobalSection
EndGlobal
