
Microsoft Visual Studio Solution File, Format Version 12.00
# Visual Studio Version 16
VisualStudioVersion = 16.0.32106.194
MinimumVisualStudioVersion = 10.0.40219.1
Project("{FAE04EC0-301F-11D3-BF4B-00C04F79EFBC}") = "SetsAndDictionariesAdv08Lab", "SetsAndDictionariesAdv08Lab.csproj", "{D93E59C5-5872-4F42-A5C1-191F546EC8FB}"
EndProject
Global
	GlobalSection(SolutionConfigurationPlatforms) = preSolution
		Debug|Any CPU = Debug|Any CPU
		Release|Any CPU = Release|Any CPU
	EndGlobalSection
	GlobalSection(ProjectConfigurationPlatforms) = postSolution
		{D93E59C5-5872-4F42-A5C1-191F546EC8FB}.Debug|Any CPU.ActiveCfg = Debug|Any CPU
		{D93E59C5-5872-4F42-A5C1-191F546EC8FB}.Debug|Any CPU.Build.0 = Debug|Any CPU
		{D93E59C5-5872-4F42-A5C1-191F546EC8FB}.Release|Any CPU.ActiveCfg = Release|Any CPU
		{D93E59C5-5872-4F42-A5C1-191F546EC8FB}.Release|Any CPU.Build.0 = Release|Any CPU
	EndGlobalSection
	GlobalSection(SolutionProperties) = preSolution
		HideSolutionNode = FALSE
	EndGlobalSection
	GlobalSection(ExtensibilityGlobals) = postSolution
		SolutionGuid = {19A1FAF5-82E2-4988-91AE-64A48B2FD760}
	EndGlobalSection
EndGlobal
