
Microsoft Visual Studio Solution File, Format Version 12.00
# Visual Studio Version 16
VisualStudioVersion = 16.0.32106.194
MinimumVisualStudioVersion = 10.0.40219.1
Project("{FAE04EC0-301F-11D3-BF4B-00C04F79EFBC}") = "SetsAndDictionariesAdv00Lab", "SetsAndDictionariesAdv00Lab.csproj", "{F03FF933-1B22-493E-9DA8-F82C60AD573F}"
EndProject
Global
	GlobalSection(SolutionConfigurationPlatforms) = preSolution
		Debug|Any CPU = Debug|Any CPU
		Release|Any CPU = Release|Any CPU
	EndGlobalSection
	GlobalSection(ProjectConfigurationPlatforms) = postSolution
		{F03FF933-1B22-493E-9DA8-F82C60AD573F}.Debug|Any CPU.ActiveCfg = Debug|Any CPU
		{F03FF933-1B22-493E-9DA8-F82C60AD573F}.Debug|Any CPU.Build.0 = Debug|Any CPU
		{F03FF933-1B22-493E-9DA8-F82C60AD573F}.Release|Any CPU.ActiveCfg = Release|Any CPU
		{F03FF933-1B22-493E-9DA8-F82C60AD573F}.Release|Any CPU.Build.0 = Release|Any CPU
	EndGlobalSection
	GlobalSection(SolutionProperties) = preSolution
		HideSolutionNode = FALSE
	EndGlobalSection
	GlobalSection(ExtensibilityGlobals) = postSolution
		SolutionGuid = {E2CCC569-CC34-443E-95B4-8EDA581A6756}
	EndGlobalSection
EndGlobal
